
Microsoft Visual Studio Solution File, Format Version 12.00
# Visual Studio Version 17
VisualStudioVersion = 17.8.34511.84
MinimumVisualStudioVersion = 10.0.40219.1
Project("{FAE04EC0-301F-11D3-BF4B-00C04F79EFBC}") = "MiniMesTrainApi", "MiniMesTrainApi\MiniMesTrainApi.csproj", "{1E8B44C7-3223-4336-8A3B-E15F7AC494E1}"
EndProject
Global
	GlobalSection(SolutionConfigurationPlatforms) = preSolution
		Debug|Any CPU = Debug|Any CPU
		Release|Any CPU = Release|Any CPU
	EndGlobalSection
	GlobalSection(ProjectConfigurationPlatforms) = postSolution
		{1E8B44C7-3223-4336-8A3B-E15F7AC494E1}.Debug|Any CPU.ActiveCfg = Debug|Any CPU
		{1E8B44C7-3223-4336-8A3B-E15F7AC494E1}.Debug|Any CPU.Build.0 = Debug|Any CPU
		{1E8B44C7-3223-4336-8A3B-E15F7AC494E1}.Release|Any CPU.ActiveCfg = Release|Any CPU
		{1E8B44C7-3223-4336-8A3B-E15F7AC494E1}.Release|Any CPU.Build.0 = Release|Any CPU
	EndGlobalSection
	GlobalSection(SolutionProperties) = preSolution
		HideSolutionNode = FALSE
	EndGlobalSection
	GlobalSection(ExtensibilityGlobals) = postSolution
		SolutionGuid = {C20F7AD6-7F55-45DF-96AD-FC6CDEBDB7F4}
	EndGlobalSection
EndGlobal
